
Microsoft Visual Studio Solution File, Format Version 12.00
# Visual Studio 15
VisualStudioVersion = 15.0.28010.2016
MinimumVisualStudioVersion = 10.0.40219.1
Project("{FAE04EC0-301F-11D3-BF4B-00C04F79EFBC}") = "git1", "git1\git1.csproj", "{EB90DFFC-56A1-4034-8E30-B84D1ADE1E95}"
EndProject
Global
	GlobalSection(SolutionConfigurationPlatforms) = preSolution
		Debug|Any CPU = Debug|Any CPU
		Release|Any CPU = Release|Any CPU
	EndGlobalSection
	GlobalSection(ProjectConfigurationPlatforms) = postSolution
		{EB90DFFC-56A1-4034-8E30-B84D1ADE1E95}.Debug|Any CPU.ActiveCfg = Debug|Any CPU
		{EB90DFFC-56A1-4034-8E30-B84D1ADE1E95}.Debug|Any CPU.Build.0 = Debug|Any CPU
		{EB90DFFC-56A1-4034-8E30-B84D1ADE1E95}.Release|Any CPU.ActiveCfg = Release|Any CPU
		{EB90DFFC-56A1-4034-8E30-B84D1ADE1E95}.Release|Any CPU.Build.0 = Release|Any CPU
	EndGlobalSection
	GlobalSection(SolutionProperties) = preSolution
		HideSolutionNode = FALSE
	EndGlobalSection
	GlobalSection(ExtensibilityGlobals) = postSolution
		SolutionGuid = {E1BE3B81-1CEA-4548-977E-338C0E257477}
	EndGlobalSection
EndGlobal
